// !$*UTF8*$!
{
	archiveVersion = 1;
	classes = {
	};
	objectVersion = 50;
	objects = {

/* Begin PBXBuildFile section */
		4A55DEC327D6D78100135EFD /* AppDelegate.swift in Sources */ = {isa = PBXBuildFile; fileRef = 4A55DEC227D6D78100135EFD /* AppDelegate.swift */; };
		4A55DEC527D6D78100135EFD /* SceneDelegate.swift in Sources */ = {isa = PBXBuildFile; fileRef = 4A55DEC427D6D78100135EFD /* SceneDelegate.swift */; };
		4A55DEC727D6D78100135EFD /* MainViewController.swift in Sources */ = {isa = PBXBuildFile; fileRef = 4A55DEC627D6D78100135EFD /* MainViewController.swift */; };
		4A55DECC27D6D78200135EFD /* Assets.xcassets in Resources */ = {isa = PBXBuildFile; fileRef = 4A55DECB27D6D78200135EFD /* Assets.xcassets */; };
		4A55DECF27D6D78200135EFD /* LaunchScreen.storyboard in Resources */ = {isa = PBXBuildFile; fileRef = 4A55DECD27D6D78200135EFD /* LaunchScreen.storyboard */; };
		4A55DEED27D6D86600135EFD /* ModuleA.h in Headers */ = {isa = PBXBuildFile; fileRef = 4A55DEDD27D6D86500135EFD /* ModuleA.h */; settings = {ATTRIBUTES = (Public, ); }; };
		4A55DEF027D6D86600135EFD /* ModuleA.framework in Frameworks */ = {isa = PBXBuildFile; fileRef = 4A55DEDB27D6D86500135EFD /* ModuleA.framework */; };
		4A55DEF127D6D86600135EFD /* ModuleA.framework in Embed Frameworks */ = {isa = PBXBuildFile; fileRef = 4A55DEDB27D6D86500135EFD /* ModuleA.framework */; settings = {ATTRIBUTES = (CodeSignOnCopy, RemoveHeadersOnCopy, ); }; };
		4A55DEFB27D6D89C00135EFD /* ModuleAViewControllerA.swift in Sources */ = {isa = PBXBuildFile; fileRef = 4A55DEFA27D6D89C00135EFD /* ModuleAViewControllerA.swift */; };
		4A55DF1327D6DD1000135EFD /* ModuleB.h in Headers */ = {isa = PBXBuildFile; fileRef = 4A55DF0327D6DD1000135EFD /* ModuleB.h */; settings = {ATTRIBUTES = (Public, ); }; };
		4A55DF1627D6DD1000135EFD /* ModuleB.framework in Frameworks */ = {isa = PBXBuildFile; fileRef = 4A55DF0127D6DD1000135EFD /* ModuleB.framework */; };
		4A55DF1727D6DD1000135EFD /* ModuleB.framework in Embed Frameworks */ = {isa = PBXBuildFile; fileRef = 4A55DF0127D6DD1000135EFD /* ModuleB.framework */; settings = {ATTRIBUTES = (CodeSignOnCopy, RemoveHeadersOnCopy, ); }; };
		4A55DF2727D6DD2E00135EFD /* ModuleC.h in Headers */ = {isa = PBXBuildFile; fileRef = 4A55DF2527D6DD2E00135EFD /* ModuleC.h */; settings = {ATTRIBUTES = (Public, ); }; };
		4A55DF2A27D6DD2E00135EFD /* ModuleC.framework in Frameworks */ = {isa = PBXBuildFile; fileRef = 4A55DF2327D6DD2E00135EFD /* ModuleC.framework */; };
		4A55DF2B27D6DD2E00135EFD /* ModuleC.framework in Embed Frameworks */ = {isa = PBXBuildFile; fileRef = 4A55DF2327D6DD2E00135EFD /* ModuleC.framework */; settings = {ATTRIBUTES = (CodeSignOnCopy, RemoveHeadersOnCopy, ); }; };
		4A55DF3227D6DD5300135EFD /* ModuleCViewControllerA.swift in Sources */ = {isa = PBXBuildFile; fileRef = 4A55DF3127D6DD5300135EFD /* ModuleCViewControllerA.swift */; };
		4A55DF3427D6DD6200135EFD /* ModuleBViewControllerA.swift in Sources */ = {isa = PBXBuildFile; fileRef = 4A55DF3327D6DD6200135EFD /* ModuleBViewControllerA.swift */; };
		4A55DF3E27D6DD9600135EFD /* Utils.h in Headers */ = {isa = PBXBuildFile; fileRef = 4A55DF3C27D6DD9600135EFD /* Utils.h */; settings = {ATTRIBUTES = (Public, ); }; };
		4A55DF4127D6DD9600135EFD /* Utils.framework in Frameworks */ = {isa = PBXBuildFile; fileRef = 4A55DF3A27D6DD9500135EFD /* Utils.framework */; };
		4A55DF4227D6DD9600135EFD /* Utils.framework in Embed Frameworks */ = {isa = PBXBuildFile; fileRef = 4A55DF3A27D6DD9500135EFD /* Utils.framework */; settings = {ATTRIBUTES = (CodeSignOnCopy, RemoveHeadersOnCopy, ); }; };
		4A55DF4727D6DDB500135EFD /* ViewController+Utils.swift in Sources */ = {isa = PBXBuildFile; fileRef = 4A55DF4627D6DDB500135EFD /* ViewController+Utils.swift */; };
		4A55DF5627D77EDA00135EFD /* Deeplinkable.framework in Frameworks */ = {isa = PBXBuildFile; fileRef = 4A55DF4D27D77ED900135EFD /* Deeplinkable.framework */; };
		4A55DF5D27D77EDA00135EFD /* DeeplinkableTests.swift in Sources */ = {isa = PBXBuildFile; fileRef = 4A55DF5C27D77EDA00135EFD /* DeeplinkableTests.swift */; };
		4A55DF5F27D77EDA00135EFD /* Deeplinkable.h in Headers */ = {isa = PBXBuildFile; fileRef = 4A55DF4F27D77ED900135EFD /* Deeplinkable.h */; settings = {ATTRIBUTES = (Public, ); }; };
		4A55DF6227D77EDA00135EFD /* Deeplinkable.framework in Frameworks */ = {isa = PBXBuildFile; fileRef = 4A55DF4D27D77ED900135EFD /* Deeplinkable.framework */; };
		4A55DF6327D77EDA00135EFD /* Deeplinkable.framework in Embed Frameworks */ = {isa = PBXBuildFile; fileRef = 4A55DF4D27D77ED900135EFD /* Deeplinkable.framework */; settings = {ATTRIBUTES = (CodeSignOnCopy, RemoveHeadersOnCopy, ); }; };
		4A55DF6C27D7808100135EFD /* Deeplinkable.swift in Sources */ = {isa = PBXBuildFile; fileRef = 4A55DF6B27D7808100135EFD /* Deeplinkable.swift */; };
		4A55DF6F27D78E1200135EFD /* DeeplinkRouter.swift in Sources */ = {isa = PBXBuildFile; fileRef = 4A55DF6E27D78E1200135EFD /* DeeplinkRouter.swift */; };
		4A55E03827D7AAF700135EFD /* UIApplication.swift in Sources */ = {isa = PBXBuildFile; fileRef = 4A55E03727D7AAF700135EFD /* UIApplication.swift */; };
		4A55E03A27D7E42000135EFD /* CGFloat.swift in Sources */ = {isa = PBXBuildFile; fileRef = 4A55E03927D7E42000135EFD /* CGFloat.swift */; };
		4A55E03C27D7E42E00135EFD /* UIColor.swift in Sources */ = {isa = PBXBuildFile; fileRef = 4A55E03B27D7E42E00135EFD /* UIColor.swift */; };
		4A55E03F27D844F300135EFD /* URL.swift in Sources */ = {isa = PBXBuildFile; fileRef = 4A55E03E27D844F300135EFD /* URL.swift */; };
		4A55E04127D846FE00135EFD /* String.swift in Sources */ = {isa = PBXBuildFile; fileRef = 4A55E04027D846FE00135EFD /* String.swift */; };
		4A55E04327D849C000135EFD /* AnyClass.swift in Sources */ = {isa = PBXBuildFile; fileRef = 4A55E04227D849C000135EFD /* AnyClass.swift */; };
		4A8BB59227D9770D00043099 /* Deeplinkable.framework in Frameworks */ = {isa = PBXBuildFile; fileRef = 4A55DF4D27D77ED900135EFD /* Deeplinkable.framework */; };
		4A8BB59327D9770D00043099 /* Deeplinkable.framework in Embed Frameworks */ = {isa = PBXBuildFile; fileRef = 4A55DF4D27D77ED900135EFD /* Deeplinkable.framework */; settings = {ATTRIBUTES = (CodeSignOnCopy, RemoveHeadersOnCopy, ); }; };
		4A8BB59627D9770D00043099 /* Utils.framework in Frameworks */ = {isa = PBXBuildFile; fileRef = 4A55DF3A27D6DD9500135EFD /* Utils.framework */; };
		4A8BB59727D9770D00043099 /* Utils.framework in Embed Frameworks */ = {isa = PBXBuildFile; fileRef = 4A55DF3A27D6DD9500135EFD /* Utils.framework */; settings = {ATTRIBUTES = (CodeSignOnCopy, RemoveHeadersOnCopy, ); }; };
		4A8BB59B27D9771300043099 /* Deeplinkable.framework in Frameworks */ = {isa = PBXBuildFile; fileRef = 4A55DF4D27D77ED900135EFD /* Deeplinkable.framework */; };
		4A8BB59C27D9771300043099 /* Deeplinkable.framework in Embed Frameworks */ = {isa = PBXBuildFile; fileRef = 4A55DF4D27D77ED900135EFD /* Deeplinkable.framework */; settings = {ATTRIBUTES = (CodeSignOnCopy, RemoveHeadersOnCopy, ); }; };
		4A8BB59F27D9771300043099 /* Utils.framework in Frameworks */ = {isa = PBXBuildFile; fileRef = 4A55DF3A27D6DD9500135EFD /* Utils.framework */; };
		4A8BB5A027D9771300043099 /* Utils.framework in Embed Frameworks */ = {isa = PBXBuildFile; fileRef = 4A55DF3A27D6DD9500135EFD /* Utils.framework */; settings = {ATTRIBUTES = (CodeSignOnCopy, RemoveHeadersOnCopy, ); }; };
		4A8BB5A427D9771C00043099 /* Deeplinkable.framework in Frameworks */ = {isa = PBXBuildFile; fileRef = 4A55DF4D27D77ED900135EFD /* Deeplinkable.framework */; };
		4A8BB5A527D9771C00043099 /* Deeplinkable.framework in Embed Frameworks */ = {isa = PBXBuildFile; fileRef = 4A55DF4D27D77ED900135EFD /* Deeplinkable.framework */; settings = {ATTRIBUTES = (CodeSignOnCopy, RemoveHeadersOnCopy, ); }; };
		4A8BB5A827D9771C00043099 /* Utils.framework in Frameworks */ = {isa = PBXBuildFile; fileRef = 4A55DF3A27D6DD9500135EFD /* Utils.framework */; };
		4A8BB5A927D9771C00043099 /* Utils.framework in Embed Frameworks */ = {isa = PBXBuildFile; fileRef = 4A55DF3A27D6DD9500135EFD /* Utils.framework */; settings = {ATTRIBUTES = (CodeSignOnCopy, RemoveHeadersOnCopy, ); }; };
/* End PBXBuildFile section */

/* Begin PBXContainerItemProxy section */
		4A55DEEE27D6D86600135EFD /* PBXContainerItemProxy */ = {
			isa = PBXContainerItemProxy;
			containerPortal = 4A55DEB727D6D78100135EFD /* Project object */;
			proxyType = 1;
			remoteGlobalIDString = 4A55DEDA27D6D86500135EFD;
			remoteInfo = ModuleA;
		};
		4A55DF1427D6DD1000135EFD /* PBXContainerItemProxy */ = {
			isa = PBXContainerItemProxy;
			containerPortal = 4A55DEB727D6D78100135EFD /* Project object */;
			proxyType = 1;
			remoteGlobalIDString = 4A55DF0027D6DD1000135EFD;
			remoteInfo = ModuleB;
		};
		4A55DF2827D6DD2E00135EFD /* PBXContainerItemProxy */ = {
			isa = PBXContainerItemProxy;
			containerPortal = 4A55DEB727D6D78100135EFD /* Project object */;
			proxyType = 1;
			remoteGlobalIDString = 4A55DF2227D6DD2E00135EFD;
			remoteInfo = ModuleC;
		};
		4A55DF3F27D6DD9600135EFD /* PBXContainerItemProxy */ = {
			isa = PBXContainerItemProxy;
			containerPortal = 4A55DEB727D6D78100135EFD /* Project object */;
			proxyType = 1;
			remoteGlobalIDString = 4A55DF3927D6DD9500135EFD;
			remoteInfo = Utils;
		};
		4A55DF5727D77EDA00135EFD /* PBXContainerItemProxy */ = {
			isa = PBXContainerItemProxy;
			containerPortal = 4A55DEB727D6D78100135EFD /* Project object */;
			proxyType = 1;
			remoteGlobalIDString = 4A55DF4C27D77ED900135EFD;
			remoteInfo = Deeplinkable;
		};
		4A55DF5927D77EDA00135EFD /* PBXContainerItemProxy */ = {
			isa = PBXContainerItemProxy;
			containerPortal = 4A55DEB727D6D78100135EFD /* Project object */;
			proxyType = 1;
			remoteGlobalIDString = 4A55DEBE27D6D78100135EFD;
			remoteInfo = DeplinkableSample;
		};
		4A55DF6027D77EDA00135EFD /* PBXContainerItemProxy */ = {
			isa = PBXContainerItemProxy;
			containerPortal = 4A55DEB727D6D78100135EFD /* Project object */;
			proxyType = 1;
			remoteGlobalIDString = 4A55DF4C27D77ED900135EFD;
			remoteInfo = Deeplinkable;
		};
		4A8BB59427D9770D00043099 /* PBXContainerItemProxy */ = {
			isa = PBXContainerItemProxy;
			containerPortal = 4A55DEB727D6D78100135EFD /* Project object */;
			proxyType = 1;
			remoteGlobalIDString = 4A55DF4C27D77ED900135EFD;
			remoteInfo = Deeplinkable;
		};
		4A8BB59827D9770D00043099 /* PBXContainerItemProxy */ = {
			isa = PBXContainerItemProxy;
			containerPortal = 4A55DEB727D6D78100135EFD /* Project object */;
			proxyType = 1;
			remoteGlobalIDString = 4A55DF3927D6DD9500135EFD;
			remoteInfo = Utils;
		};
		4A8BB59D27D9771300043099 /* PBXContainerItemProxy */ = {
			isa = PBXContainerItemProxy;
			containerPortal = 4A55DEB727D6D78100135EFD /* Project object */;
			proxyType = 1;
			remoteGlobalIDString = 4A55DF4C27D77ED900135EFD;
			remoteInfo = Deeplinkable;
		};
		4A8BB5A127D9771300043099 /* PBXContainerItemProxy */ = {
			isa = PBXContainerItemProxy;
			containerPortal = 4A55DEB727D6D78100135EFD /* Project object */;
			proxyType = 1;
			remoteGlobalIDString = 4A55DF3927D6DD9500135EFD;
			remoteInfo = Utils;
		};
		4A8BB5A627D9771C00043099 /* PBXContainerItemProxy */ = {
			isa = PBXContainerItemProxy;
			containerPortal = 4A55DEB727D6D78100135EFD /* Project object */;
			proxyType = 1;
			remoteGlobalIDString = 4A55DF4C27D77ED900135EFD;
			remoteInfo = Deeplinkable;
		};
		4A8BB5AA27D9771C00043099 /* PBXContainerItemProxy */ = {
			isa = PBXContainerItemProxy;
			containerPortal = 4A55DEB727D6D78100135EFD /* Project object */;
			proxyType = 1;
			remoteGlobalIDString = 4A55DF3927D6DD9500135EFD;
			remoteInfo = Utils;
		};
/* End PBXContainerItemProxy section */

/* Begin PBXCopyFilesBuildPhase section */
		4A55DEF527D6D86600135EFD /* Embed Frameworks */ = {
			isa = PBXCopyFilesBuildPhase;
			buildActionMask = 2147483647;
			dstPath = "";
			dstSubfolderSpec = 10;
			files = (
				4A55DF4227D6DD9600135EFD /* Utils.framework in Embed Frameworks */,
				4A55DF2B27D6DD2E00135EFD /* ModuleC.framework in Embed Frameworks */,
				4A55DEF127D6D86600135EFD /* ModuleA.framework in Embed Frameworks */,
				4A55DF1727D6DD1000135EFD /* ModuleB.framework in Embed Frameworks */,
				4A55DF6327D77EDA00135EFD /* Deeplinkable.framework in Embed Frameworks */,
			);
			name = "Embed Frameworks";
			runOnlyForDeploymentPostprocessing = 0;
		};
		4A8BB59A27D9770D00043099 /* Embed Frameworks */ = {
			isa = PBXCopyFilesBuildPhase;
			buildActionMask = 2147483647;
			dstPath = "";
			dstSubfolderSpec = 10;
			files = (
				4A8BB59727D9770D00043099 /* Utils.framework in Embed Frameworks */,
				4A8BB59327D9770D00043099 /* Deeplinkable.framework in Embed Frameworks */,
			);
			name = "Embed Frameworks";
			runOnlyForDeploymentPostprocessing = 0;
		};
		4A8BB5A327D9771400043099 /* Embed Frameworks */ = {
			isa = PBXCopyFilesBuildPhase;
			buildActionMask = 2147483647;
			dstPath = "";
			dstSubfolderSpec = 10;
			files = (
				4A8BB5A027D9771300043099 /* Utils.framework in Embed Frameworks */,
				4A8BB59C27D9771300043099 /* Deeplinkable.framework in Embed Frameworks */,
			);
			name = "Embed Frameworks";
			runOnlyForDeploymentPostprocessing = 0;
		};
		4A8BB5AC27D9771C00043099 /* Embed Frameworks */ = {
			isa = PBXCopyFilesBuildPhase;
			buildActionMask = 2147483647;
			dstPath = "";
			dstSubfolderSpec = 10;
			files = (
				4A8BB5A927D9771C00043099 /* Utils.framework in Embed Frameworks */,
				4A8BB5A527D9771C00043099 /* Deeplinkable.framework in Embed Frameworks */,
			);
			name = "Embed Frameworks";
			runOnlyForDeploymentPostprocessing = 0;
		};
/* End PBXCopyFilesBuildPhase section */

/* Begin PBXFileReference section */
		4A55DEBF27D6D78100135EFD /* DeplinkableSample.app */ = {isa = PBXFileReference; explicitFileType = wrapper.application; includeInIndex = 0; path = DeplinkableSample.app; sourceTree = BUILT_PRODUCTS_DIR; };
		4A55DEC227D6D78100135EFD /* AppDelegate.swift */ = {isa = PBXFileReference; lastKnownFileType = sourcecode.swift; path = AppDelegate.swift; sourceTree = "<group>"; };
		4A55DEC427D6D78100135EFD /* SceneDelegate.swift */ = {isa = PBXFileReference; lastKnownFileType = sourcecode.swift; path = SceneDelegate.swift; sourceTree = "<group>"; };
		4A55DEC627D6D78100135EFD /* MainViewController.swift */ = {isa = PBXFileReference; lastKnownFileType = sourcecode.swift; path = MainViewController.swift; sourceTree = "<group>"; };
		4A55DECB27D6D78200135EFD /* Assets.xcassets */ = {isa = PBXFileReference; lastKnownFileType = folder.assetcatalog; path = Assets.xcassets; sourceTree = "<group>"; };
		4A55DECE27D6D78200135EFD /* Base */ = {isa = PBXFileReference; lastKnownFileType = file.storyboard; name = Base; path = Base.lproj/LaunchScreen.storyboard; sourceTree = "<group>"; };
		4A55DED027D6D78200135EFD /* Info.plist */ = {isa = PBXFileReference; lastKnownFileType = text.plist.xml; path = Info.plist; sourceTree = "<group>"; };
		4A55DEDB27D6D86500135EFD /* ModuleA.framework */ = {isa = PBXFileReference; explicitFileType = wrapper.framework; includeInIndex = 0; path = ModuleA.framework; sourceTree = BUILT_PRODUCTS_DIR; };
		4A55DEDD27D6D86500135EFD /* ModuleA.h */ = {isa = PBXFileReference; lastKnownFileType = sourcecode.c.h; path = ModuleA.h; sourceTree = "<group>"; };
		4A55DEDE27D6D86500135EFD /* Info.plist */ = {isa = PBXFileReference; lastKnownFileType = text.plist.xml; path = Info.plist; sourceTree = "<group>"; };
		4A55DEFA27D6D89C00135EFD /* ModuleAViewControllerA.swift */ = {isa = PBXFileReference; lastKnownFileType = sourcecode.swift; path = ModuleAViewControllerA.swift; sourceTree = "<group>"; };
		4A55DF0127D6DD1000135EFD /* ModuleB.framework */ = {isa = PBXFileReference; explicitFileType = wrapper.framework; includeInIndex = 0; path = ModuleB.framework; sourceTree = BUILT_PRODUCTS_DIR; };
		4A55DF0327D6DD1000135EFD /* ModuleB.h */ = {isa = PBXFileReference; lastKnownFileType = sourcecode.c.h; path = ModuleB.h; sourceTree = "<group>"; };
		4A55DF0427D6DD1000135EFD /* Info.plist */ = {isa = PBXFileReference; lastKnownFileType = text.plist.xml; path = Info.plist; sourceTree = "<group>"; };
		4A55DF2327D6DD2E00135EFD /* ModuleC.framework */ = {isa = PBXFileReference; explicitFileType = wrapper.framework; includeInIndex = 0; path = ModuleC.framework; sourceTree = BUILT_PRODUCTS_DIR; };
		4A55DF2527D6DD2E00135EFD /* ModuleC.h */ = {isa = PBXFileReference; lastKnownFileType = sourcecode.c.h; path = ModuleC.h; sourceTree = "<group>"; };
		4A55DF2627D6DD2E00135EFD /* Info.plist */ = {isa = PBXFileReference; lastKnownFileType = text.plist.xml; path = Info.plist; sourceTree = "<group>"; };
		4A55DF3127D6DD5300135EFD /* ModuleCViewControllerA.swift */ = {isa = PBXFileReference; lastKnownFileType = sourcecode.swift; path = ModuleCViewControllerA.swift; sourceTree = "<group>"; };
		4A55DF3327D6DD6200135EFD /* ModuleBViewControllerA.swift */ = {isa = PBXFileReference; lastKnownFileType = sourcecode.swift; path = ModuleBViewControllerA.swift; sourceTree = "<group>"; };
		4A55DF3A27D6DD9500135EFD /* Utils.framework */ = {isa = PBXFileReference; explicitFileType = wrapper.framework; includeInIndex = 0; path = Utils.framework; sourceTree = BUILT_PRODUCTS_DIR; };
		4A55DF3C27D6DD9600135EFD /* Utils.h */ = {isa = PBXFileReference; lastKnownFileType = sourcecode.c.h; path = Utils.h; sourceTree = "<group>"; };
		4A55DF3D27D6DD9600135EFD /* Info.plist */ = {isa = PBXFileReference; lastKnownFileType = text.plist.xml; path = Info.plist; sourceTree = "<group>"; };
		4A55DF4627D6DDB500135EFD /* ViewController+Utils.swift */ = {isa = PBXFileReference; lastKnownFileType = sourcecode.swift; path = "ViewController+Utils.swift"; sourceTree = "<group>"; };
		4A55DF4D27D77ED900135EFD /* Deeplinkable.framework */ = {isa = PBXFileReference; explicitFileType = wrapper.framework; includeInIndex = 0; path = Deeplinkable.framework; sourceTree = BUILT_PRODUCTS_DIR; };
		4A55DF4F27D77ED900135EFD /* Deeplinkable.h */ = {isa = PBXFileReference; lastKnownFileType = sourcecode.c.h; path = Deeplinkable.h; sourceTree = "<group>"; };
		4A55DF5027D77ED900135EFD /* Info.plist */ = {isa = PBXFileReference; lastKnownFileType = text.plist.xml; path = Info.plist; sourceTree = "<group>"; };
		4A55DF5527D77EDA00135EFD /* DeeplinkableTests.xctest */ = {isa = PBXFileReference; explicitFileType = wrapper.cfbundle; includeInIndex = 0; path = DeeplinkableTests.xctest; sourceTree = BUILT_PRODUCTS_DIR; };
		4A55DF5C27D77EDA00135EFD /* DeeplinkableTests.swift */ = {isa = PBXFileReference; lastKnownFileType = sourcecode.swift; path = DeeplinkableTests.swift; sourceTree = "<group>"; };
		4A55DF5E27D77EDA00135EFD /* Info.plist */ = {isa = PBXFileReference; lastKnownFileType = text.plist.xml; path = Info.plist; sourceTree = "<group>"; };
		4A55DF6B27D7808100135EFD /* Deeplinkable.swift */ = {isa = PBXFileReference; lastKnownFileType = sourcecode.swift; path = Deeplinkable.swift; sourceTree = "<group>"; };
		4A55DF6E27D78E1200135EFD /* DeeplinkRouter.swift */ = {isa = PBXFileReference; lastKnownFileType = sourcecode.swift; path = DeeplinkRouter.swift; sourceTree = "<group>"; };
		4A55E03727D7AAF700135EFD /* UIApplication.swift */ = {isa = PBXFileReference; lastKnownFileType = sourcecode.swift; path = UIApplication.swift; sourceTree = "<group>"; };
		4A55E03927D7E42000135EFD /* CGFloat.swift */ = {isa = PBXFileReference; lastKnownFileType = sourcecode.swift; path = CGFloat.swift; sourceTree = "<group>"; };
		4A55E03B27D7E42E00135EFD /* UIColor.swift */ = {isa = PBXFileReference; lastKnownFileType = sourcecode.swift; path = UIColor.swift; sourceTree = "<group>"; };
		4A55E03E27D844F300135EFD /* URL.swift */ = {isa = PBXFileReference; lastKnownFileType = sourcecode.swift; path = URL.swift; sourceTree = "<group>"; };
		4A55E04027D846FE00135EFD /* String.swift */ = {isa = PBXFileReference; lastKnownFileType = sourcecode.swift; path = String.swift; sourceTree = "<group>"; };
		4A55E04227D849C000135EFD /* AnyClass.swift */ = {isa = PBXFileReference; lastKnownFileType = sourcecode.swift; path = AnyClass.swift; sourceTree = "<group>"; };
/* End PBXFileReference section */

/* Begin PBXFrameworksBuildPhase section */
		4A55DEBC27D6D78100135EFD /* Frameworks */ = {
			isa = PBXFrameworksBuildPhase;
			buildActionMask = 2147483647;
			files = (
				4A55DF4127D6DD9600135EFD /* Utils.framework in Frameworks */,
				4A55DF2A27D6DD2E00135EFD /* ModuleC.framework in Frameworks */,
				4A55DEF027D6D86600135EFD /* ModuleA.framework in Frameworks */,
				4A55DF1627D6DD1000135EFD /* ModuleB.framework in Frameworks */,
				4A55DF6227D77EDA00135EFD /* Deeplinkable.framework in Frameworks */,
			);
			runOnlyForDeploymentPostprocessing = 0;
		};
		4A55DED827D6D86500135EFD /* Frameworks */ = {
			isa = PBXFrameworksBuildPhase;
			buildActionMask = 2147483647;
			files = (
				4A8BB59627D9770D00043099 /* Utils.framework in Frameworks */,
				4A8BB59227D9770D00043099 /* Deeplinkable.framework in Frameworks */,
			);
			runOnlyForDeploymentPostprocessing = 0;
		};
		4A55DEFE27D6DD1000135EFD /* Frameworks */ = {
			isa = PBXFrameworksBuildPhase;
			buildActionMask = 2147483647;
			files = (
				4A8BB59F27D9771300043099 /* Utils.framework in Frameworks */,
				4A8BB59B27D9771300043099 /* Deeplinkable.framework in Frameworks */,
			);
			runOnlyForDeploymentPostprocessing = 0;
		};
		4A55DF2027D6DD2E00135EFD /* Frameworks */ = {
			isa = PBXFrameworksBuildPhase;
			buildActionMask = 2147483647;
			files = (
				4A8BB5A827D9771C00043099 /* Utils.framework in Frameworks */,
				4A8BB5A427D9771C00043099 /* Deeplinkable.framework in Frameworks */,
			);
			runOnlyForDeploymentPostprocessing = 0;
		};
		4A55DF3727D6DD9500135EFD /* Frameworks */ = {
			isa = PBXFrameworksBuildPhase;
			buildActionMask = 2147483647;
			files = (
			);
			runOnlyForDeploymentPostprocessing = 0;
		};
		4A55DF4A27D77ED900135EFD /* Frameworks */ = {
			isa = PBXFrameworksBuildPhase;
			buildActionMask = 2147483647;
			files = (
			);
			runOnlyForDeploymentPostprocessing = 0;
		};
		4A55DF5227D77EDA00135EFD /* Frameworks */ = {
			isa = PBXFrameworksBuildPhase;
			buildActionMask = 2147483647;
			files = (
				4A55DF5627D77EDA00135EFD /* Deeplinkable.framework in Frameworks */,
			);
			runOnlyForDeploymentPostprocessing = 0;
		};
/* End PBXFrameworksBuildPhase section */

/* Begin PBXGroup section */
		4A55DEB627D6D78100135EFD = {
			isa = PBXGroup;
			children = (
				4A55DEC127D6D78100135EFD /* DeplinkableSample */,
				4A55DEDC27D6D86500135EFD /* ModuleA */,
				4A55DF0227D6DD1000135EFD /* ModuleB */,
				4A55DF2427D6DD2E00135EFD /* ModuleC */,
				4A55DF3B27D6DD9600135EFD /* Utils */,
				4A55DF4E27D77ED900135EFD /* Deeplinkable */,
				4A55DF5B27D77EDA00135EFD /* DeeplinkableTests */,
				4A55DEC027D6D78100135EFD /* Products */,
				4A8BB59127D9770D00043099 /* Frameworks */,
			);
			sourceTree = "<group>";
		};
		4A55DEC027D6D78100135EFD /* Products */ = {
			isa = PBXGroup;
			children = (
				4A55DEBF27D6D78100135EFD /* DeplinkableSample.app */,
				4A55DEDB27D6D86500135EFD /* ModuleA.framework */,
				4A55DF0127D6DD1000135EFD /* ModuleB.framework */,
				4A55DF2327D6DD2E00135EFD /* ModuleC.framework */,
				4A55DF3A27D6DD9500135EFD /* Utils.framework */,
				4A55DF4D27D77ED900135EFD /* Deeplinkable.framework */,
				4A55DF5527D77EDA00135EFD /* DeeplinkableTests.xctest */,
			);
			name = Products;
			sourceTree = "<group>";
		};
		4A55DEC127D6D78100135EFD /* DeplinkableSample */ = {
			isa = PBXGroup;
			children = (
				4A55DEC227D6D78100135EFD /* AppDelegate.swift */,
				4A55DEC427D6D78100135EFD /* SceneDelegate.swift */,
				4A55DEC627D6D78100135EFD /* MainViewController.swift */,
				4A55DECB27D6D78200135EFD /* Assets.xcassets */,
				4A55DECD27D6D78200135EFD /* LaunchScreen.storyboard */,
				4A55DED027D6D78200135EFD /* Info.plist */,
			);
			path = DeplinkableSample;
			sourceTree = "<group>";
		};
		4A55DEDC27D6D86500135EFD /* ModuleA */ = {
			isa = PBXGroup;
			children = (
				4A55DEF927D6D88000135EFD /* Scenes */,
				4A55DEDD27D6D86500135EFD /* ModuleA.h */,
				4A55DEDE27D6D86500135EFD /* Info.plist */,
			);
			path = ModuleA;
			sourceTree = "<group>";
		};
		4A55DEF927D6D88000135EFD /* Scenes */ = {
			isa = PBXGroup;
			children = (
				4A55DEFA27D6D89C00135EFD /* ModuleAViewControllerA.swift */,
			);
			path = Scenes;
			sourceTree = "<group>";
		};
		4A55DF0227D6DD1000135EFD /* ModuleB */ = {
			isa = PBXGroup;
			children = (
				4A55DF2F27D6DD3D00135EFD /* Scenes */,
				4A55DF0327D6DD1000135EFD /* ModuleB.h */,
				4A55DF0427D6DD1000135EFD /* Info.plist */,
			);
			path = ModuleB;
			sourceTree = "<group>";
		};
		4A55DF2427D6DD2E00135EFD /* ModuleC */ = {
			isa = PBXGroup;
			children = (
				4A55DF3027D6DD4400135EFD /* Scenes */,
				4A55DF2527D6DD2E00135EFD /* ModuleC.h */,
				4A55DF2627D6DD2E00135EFD /* Info.plist */,
			);
			path = ModuleC;
			sourceTree = "<group>";
		};
		4A55DF2F27D6DD3D00135EFD /* Scenes */ = {
			isa = PBXGroup;
			children = (
				4A55DF3327D6DD6200135EFD /* ModuleBViewControllerA.swift */,
			);
			path = Scenes;
			sourceTree = "<group>";
		};
		4A55DF3027D6DD4400135EFD /* Scenes */ = {
			isa = PBXGroup;
			children = (
				4A55DF3127D6DD5300135EFD /* ModuleCViewControllerA.swift */,
			);
			path = Scenes;
			sourceTree = "<group>";
		};
		4A55DF3B27D6DD9600135EFD /* Utils */ = {
			isa = PBXGroup;
			children = (
				4A55E03627D7AAEA00135EFD /* Extensions */,
				4A55DF3C27D6DD9600135EFD /* Utils.h */,
				4A55DF3D27D6DD9600135EFD /* Info.plist */,
			);
			path = Utils;
			sourceTree = "<group>";
		};
		4A55DF4E27D77ED900135EFD /* Deeplinkable */ = {
			isa = PBXGroup;
			children = (
				4A55E03D27D844E200135EFD /* Extensions */,
				4A55DF6D27D78E0200135EFD /* Router */,
				4A55DF6A27D7806100135EFD /* Protocols */,
				4A55DF4F27D77ED900135EFD /* Deeplinkable.h */,
				4A55DF5027D77ED900135EFD /* Info.plist */,
			);
			path = Deeplinkable;
			sourceTree = "<group>";
		};
		4A55DF5B27D77EDA00135EFD /* DeeplinkableTests */ = {
			isa = PBXGroup;
			children = (
				4A55DF5C27D77EDA00135EFD /* DeeplinkableTests.swift */,
				4A55DF5E27D77EDA00135EFD /* Info.plist */,
			);
			path = DeeplinkableTests;
			sourceTree = "<group>";
		};
		4A55DF6A27D7806100135EFD /* Protocols */ = {
			isa = PBXGroup;
			children = (
				4A55DF6B27D7808100135EFD /* Deeplinkable.swift */,
			);
			path = Protocols;
			sourceTree = "<group>";
		};
		4A55DF6D27D78E0200135EFD /* Router */ = {
			isa = PBXGroup;
			children = (
				4A55DF6E27D78E1200135EFD /* DeeplinkRouter.swift */,
			);
			path = Router;
			sourceTree = "<group>";
		};
		4A55E03627D7AAEA00135EFD /* Extensions */ = {
			isa = PBXGroup;
			children = (
				4A55DF4627D6DDB500135EFD /* ViewController+Utils.swift */,
				4A55E03727D7AAF700135EFD /* UIApplication.swift */,
				4A55E03927D7E42000135EFD /* CGFloat.swift */,
				4A55E03B27D7E42E00135EFD /* UIColor.swift */,
			);
			path = Extensions;
			sourceTree = "<group>";
		};
		4A55E03D27D844E200135EFD /* Extensions */ = {
			isa = PBXGroup;
			children = (
				4A55E03E27D844F300135EFD /* URL.swift */,
				4A55E04027D846FE00135EFD /* String.swift */,
				4A55E04227D849C000135EFD /* AnyClass.swift */,
			);
			path = Extensions;
			sourceTree = "<group>";
		};
		4A8BB59127D9770D00043099 /* Frameworks */ = {
			isa = PBXGroup;
			children = (
			);
			name = Frameworks;
			sourceTree = "<group>";
		};
/* End PBXGroup section */

/* Begin PBXHeadersBuildPhase section */
		4A55DED627D6D86500135EFD /* Headers */ = {
			isa = PBXHeadersBuildPhase;
			buildActionMask = 2147483647;
			files = (
				4A55DEED27D6D86600135EFD /* ModuleA.h in Headers */,
			);
			runOnlyForDeploymentPostprocessing = 0;
		};
		4A55DEFC27D6DD1000135EFD /* Headers */ = {
			isa = PBXHeadersBuildPhase;
			buildActionMask = 2147483647;
			files = (
				4A55DF1327D6DD1000135EFD /* ModuleB.h in Headers */,
			);
			runOnlyForDeploymentPostprocessing = 0;
		};
		4A55DF1E27D6DD2E00135EFD /* Headers */ = {
			isa = PBXHeadersBuildPhase;
			buildActionMask = 2147483647;
			files = (
				4A55DF2727D6DD2E00135EFD /* ModuleC.h in Headers */,
			);
			runOnlyForDeploymentPostprocessing = 0;
		};
		4A55DF3527D6DD9500135EFD /* Headers */ = {
			isa = PBXHeadersBuildPhase;
			buildActionMask = 2147483647;
			files = (
				4A55DF3E27D6DD9600135EFD /* Utils.h in Headers */,
			);
			runOnlyForDeploymentPostprocessing = 0;
		};
		4A55DF4827D77ED900135EFD /* Headers */ = {
			isa = PBXHeadersBuildPhase;
			buildActionMask = 2147483647;
			files = (
				4A55DF5F27D77EDA00135EFD /* Deeplinkable.h in Headers */,
			);
			runOnlyForDeploymentPostprocessing = 0;
		};
/* End PBXHeadersBuildPhase section */

/* Begin PBXNativeTarget section */
		4A55DEBE27D6D78100135EFD /* DeplinkableSample */ = {
			isa = PBXNativeTarget;
			buildConfigurationList = 4A55DED327D6D78200135EFD /* Build configuration list for PBXNativeTarget "DeplinkableSample" */;
			buildPhases = (
				4A55DEBB27D6D78100135EFD /* Sources */,
				4A55DEBC27D6D78100135EFD /* Frameworks */,
				4A55DEBD27D6D78100135EFD /* Resources */,
				4A55DEF527D6D86600135EFD /* Embed Frameworks */,
			);
			buildRules = (
			);
			dependencies = (
				4A55DEEF27D6D86600135EFD /* PBXTargetDependency */,
				4A55DF1527D6DD1000135EFD /* PBXTargetDependency */,
				4A55DF2927D6DD2E00135EFD /* PBXTargetDependency */,
				4A55DF4027D6DD9600135EFD /* PBXTargetDependency */,
				4A55DF6127D77EDA00135EFD /* PBXTargetDependency */,
			);
			name = DeplinkableSample;
			productName = DeplinkableSample;
			productReference = 4A55DEBF27D6D78100135EFD /* DeplinkableSample.app */;
			productType = "com.apple.product-type.application";
		};
		4A55DEDA27D6D86500135EFD /* ModuleA */ = {
			isa = PBXNativeTarget;
			buildConfigurationList = 4A55DEF227D6D86600135EFD /* Build configuration list for PBXNativeTarget "ModuleA" */;
			buildPhases = (
				4A55DED627D6D86500135EFD /* Headers */,
				4A55DED727D6D86500135EFD /* Sources */,
				4A55DED827D6D86500135EFD /* Frameworks */,
				4A55DED927D6D86500135EFD /* Resources */,
				4A8BB59A27D9770D00043099 /* Embed Frameworks */,
			);
			buildRules = (
			);
			dependencies = (
				4A8BB59527D9770D00043099 /* PBXTargetDependency */,
				4A8BB59927D9770D00043099 /* PBXTargetDependency */,
			);
			name = ModuleA;
			productName = ModuleA;
			productReference = 4A55DEDB27D6D86500135EFD /* ModuleA.framework */;
			productType = "com.apple.product-type.framework";
		};
		4A55DF0027D6DD1000135EFD /* ModuleB */ = {
			isa = PBXNativeTarget;
			buildConfigurationList = 4A55DF1827D6DD1000135EFD /* Build configuration list for PBXNativeTarget "ModuleB" */;
			buildPhases = (
				4A55DEFC27D6DD1000135EFD /* Headers */,
				4A55DEFD27D6DD1000135EFD /* Sources */,
				4A55DEFE27D6DD1000135EFD /* Frameworks */,
				4A55DEFF27D6DD1000135EFD /* Resources */,
				4A8BB5A327D9771400043099 /* Embed Frameworks */,
			);
			buildRules = (
			);
			dependencies = (
				4A8BB59E27D9771300043099 /* PBXTargetDependency */,
				4A8BB5A227D9771300043099 /* PBXTargetDependency */,
			);
			name = ModuleB;
			productName = ModuleB;
			productReference = 4A55DF0127D6DD1000135EFD /* ModuleB.framework */;
			productType = "com.apple.product-type.framework";
		};
		4A55DF2227D6DD2E00135EFD /* ModuleC */ = {
			isa = PBXNativeTarget;
			buildConfigurationList = 4A55DF2C27D6DD2E00135EFD /* Build configuration list for PBXNativeTarget "ModuleC" */;
			buildPhases = (
				4A55DF1E27D6DD2E00135EFD /* Headers */,
				4A55DF1F27D6DD2E00135EFD /* Sources */,
				4A55DF2027D6DD2E00135EFD /* Frameworks */,
				4A55DF2127D6DD2E00135EFD /* Resources */,
				4A8BB5AC27D9771C00043099 /* Embed Frameworks */,
			);
			buildRules = (
			);
			dependencies = (
				4A8BB5A727D9771C00043099 /* PBXTargetDependency */,
				4A8BB5AB27D9771C00043099 /* PBXTargetDependency */,
			);
			name = ModuleC;
			productName = ModuleC;
			productReference = 4A55DF2327D6DD2E00135EFD /* ModuleC.framework */;
			productType = "com.apple.product-type.framework";
		};
		4A55DF3927D6DD9500135EFD /* Utils */ = {
			isa = PBXNativeTarget;
			buildConfigurationList = 4A55DF4327D6DD9600135EFD /* Build configuration list for PBXNativeTarget "Utils" */;
			buildPhases = (
				4A55DF3527D6DD9500135EFD /* Headers */,
				4A55DF3627D6DD9500135EFD /* Sources */,
				4A55DF3727D6DD9500135EFD /* Frameworks */,
				4A55DF3827D6DD9500135EFD /* Resources */,
			);
			buildRules = (
			);
			dependencies = (
			);
			name = Utils;
			productName = Utils;
			productReference = 4A55DF3A27D6DD9500135EFD /* Utils.framework */;
			productType = "com.apple.product-type.framework";
		};
		4A55DF4C27D77ED900135EFD /* Deeplinkable */ = {
			isa = PBXNativeTarget;
			buildConfigurationList = 4A55DF6427D77EDA00135EFD /* Build configuration list for PBXNativeTarget "Deeplinkable" */;
			buildPhases = (
				4A55DF4827D77ED900135EFD /* Headers */,
				4A55DF4927D77ED900135EFD /* Sources */,
				4A55DF4A27D77ED900135EFD /* Frameworks */,
				4A55DF4B27D77ED900135EFD /* Resources */,
			);
			buildRules = (
			);
			dependencies = (
			);
			name = Deeplinkable;
			productName = Deeplinkable;
			productReference = 4A55DF4D27D77ED900135EFD /* Deeplinkable.framework */;
			productType = "com.apple.product-type.framework";
		};
		4A55DF5427D77EDA00135EFD /* DeeplinkableTests */ = {
			isa = PBXNativeTarget;
			buildConfigurationList = 4A55DF6727D77EDA00135EFD /* Build configuration list for PBXNativeTarget "DeeplinkableTests" */;
			buildPhases = (
				4A55DF5127D77EDA00135EFD /* Sources */,
				4A55DF5227D77EDA00135EFD /* Frameworks */,
				4A55DF5327D77EDA00135EFD /* Resources */,
			);
			buildRules = (
			);
			dependencies = (
				4A55DF5827D77EDA00135EFD /* PBXTargetDependency */,
				4A55DF5A27D77EDA00135EFD /* PBXTargetDependency */,
			);
			name = DeeplinkableTests;
			productName = DeeplinkableTests;
			productReference = 4A55DF5527D77EDA00135EFD /* DeeplinkableTests.xctest */;
			productType = "com.apple.product-type.bundle.unit-test";
		};
/* End PBXNativeTarget section */

/* Begin PBXProject section */
		4A55DEB727D6D78100135EFD /* Project object */ = {
			isa = PBXProject;
			attributes = {
				LastSwiftUpdateCheck = 1250;
				LastUpgradeCheck = 1250;
				TargetAttributes = {
					4A55DEBE27D6D78100135EFD = {
						CreatedOnToolsVersion = 12.5.1;
					};
					4A55DEDA27D6D86500135EFD = {
						CreatedOnToolsVersion = 12.5.1;
						LastSwiftMigration = 1250;
					};
					4A55DF0027D6DD1000135EFD = {
						CreatedOnToolsVersion = 12.5.1;
						LastSwiftMigration = 1250;
					};
					4A55DF2227D6DD2E00135EFD = {
						CreatedOnToolsVersion = 12.5.1;
						LastSwiftMigration = 1250;
					};
					4A55DF3927D6DD9500135EFD = {
						CreatedOnToolsVersion = 12.5.1;
						LastSwiftMigration = 1250;
					};
					4A55DF4C27D77ED900135EFD = {
						CreatedOnToolsVersion = 12.5.1;
						LastSwiftMigration = 1250;
					};
					4A55DF5427D77EDA00135EFD = {
						CreatedOnToolsVersion = 12.5.1;
						TestTargetID = 4A55DEBE27D6D78100135EFD;
					};
				};
			};
			buildConfigurationList = 4A55DEBA27D6D78100135EFD /* Build configuration list for PBXProject "DeplinkableSample" */;
			compatibilityVersion = "Xcode 9.3";
			developmentRegion = en;
			hasScannedForEncodings = 0;
			knownRegions = (
				en,
				Base,
			);
			mainGroup = 4A55DEB627D6D78100135EFD;
			productRefGroup = 4A55DEC027D6D78100135EFD /* Products */;
			projectDirPath = "";
			projectRoot = "";
			targets = (
				4A55DEBE27D6D78100135EFD /* DeplinkableSample */,
				4A55DEDA27D6D86500135EFD /* ModuleA */,
				4A55DF0027D6DD1000135EFD /* ModuleB */,
				4A55DF2227D6DD2E00135EFD /* ModuleC */,
				4A55DF3927D6DD9500135EFD /* Utils */,
				4A55DF4C27D77ED900135EFD /* Deeplinkable */,
				4A55DF5427D77EDA00135EFD /* DeeplinkableTests */,
			);
		};
/* End PBXProject section */

/* Begin PBXResourcesBuildPhase section */
		4A55DEBD27D6D78100135EFD /* Resources */ = {
			isa = PBXResourcesBuildPhase;
			buildActionMask = 2147483647;
			files = (
				4A55DECF27D6D78200135EFD /* LaunchScreen.storyboard in Resources */,
				4A55DECC27D6D78200135EFD /* Assets.xcassets in Resources */,
			);
			runOnlyForDeploymentPostprocessing = 0;
		};
		4A55DED927D6D86500135EFD /* Resources */ = {
			isa = PBXResourcesBuildPhase;
			buildActionMask = 2147483647;
			files = (
			);
			runOnlyForDeploymentPostprocessing = 0;
		};
		4A55DEFF27D6DD1000135EFD /* Resources */ = {
			isa = PBXResourcesBuildPhase;
			buildActionMask = 2147483647;
			files = (
			);
			runOnlyForDeploymentPostprocessing = 0;
		};
		4A55DF2127D6DD2E00135EFD /* Resources */ = {
			isa = PBXResourcesBuildPhase;
			buildActionMask = 2147483647;
			files = (
			);
			runOnlyForDeploymentPostprocessing = 0;
		};
		4A55DF3827D6DD9500135EFD /* Resources */ = {
			isa = PBXResourcesBuildPhase;
			buildActionMask = 2147483647;
			files = (
			);
			runOnlyForDeploymentPostprocessing = 0;
		};
		4A55DF4B27D77ED900135EFD /* Resources */ = {
			isa = PBXResourcesBuildPhase;
			buildActionMask = 2147483647;
			files = (
			);
			runOnlyForDeploymentPostprocessing = 0;
		};
		4A55DF5327D77EDA00135EFD /* Resources */ = {
			isa = PBXResourcesBuildPhase;
			buildActionMask = 2147483647;
			files = (
			);
			runOnlyForDeploymentPostprocessing = 0;
		};
/* End PBXResourcesBuildPhase section */

/* Begin PBXSourcesBuildPhase section */
		4A55DEBB27D6D78100135EFD /* Sources */ = {
			isa = PBXSourcesBuildPhase;
			buildActionMask = 2147483647;
			files = (
				4A55DEC727D6D78100135EFD /* MainViewController.swift in Sources */,
				4A55DEC327D6D78100135EFD /* AppDelegate.swift in Sources */,
				4A55DEC527D6D78100135EFD /* SceneDelegate.swift in Sources */,
			);
			runOnlyForDeploymentPostprocessing = 0;
		};
		4A55DED727D6D86500135EFD /* Sources */ = {
			isa = PBXSourcesBuildPhase;
			buildActionMask = 2147483647;
			files = (
				4A55DEFB27D6D89C00135EFD /* ModuleAViewControllerA.swift in Sources */,
			);
			runOnlyForDeploymentPostprocessing = 0;
		};
		4A55DEFD27D6DD1000135EFD /* Sources */ = {
			isa = PBXSourcesBuildPhase;
			buildActionMask = 2147483647;
			files = (
				4A55DF3427D6DD6200135EFD /* ModuleBViewControllerA.swift in Sources */,
			);
			runOnlyForDeploymentPostprocessing = 0;
		};
		4A55DF1F27D6DD2E00135EFD /* Sources */ = {
			isa = PBXSourcesBuildPhase;
			buildActionMask = 2147483647;
			files = (
				4A55DF3227D6DD5300135EFD /* ModuleCViewControllerA.swift in Sources */,
			);
			runOnlyForDeploymentPostprocessing = 0;
		};
		4A55DF3627D6DD9500135EFD /* Sources */ = {
			isa = PBXSourcesBuildPhase;
			buildActionMask = 2147483647;
			files = (
				4A55E03A27D7E42000135EFD /* CGFloat.swift in Sources */,
				4A55E03C27D7E42E00135EFD /* UIColor.swift in Sources */,
				4A55E03827D7AAF700135EFD /* UIApplication.swift in Sources */,
				4A55DF4727D6DDB500135EFD /* ViewController+Utils.swift in Sources */,
			);
			runOnlyForDeploymentPostprocessing = 0;
		};
		4A55DF4927D77ED900135EFD /* Sources */ = {
			isa = PBXSourcesBuildPhase;
			buildActionMask = 2147483647;
			files = (
				4A55E04327D849C000135EFD /* AnyClass.swift in Sources */,
				4A55DF6F27D78E1200135EFD /* DeeplinkRouter.swift in Sources */,
				4A55DF6C27D7808100135EFD /* Deeplinkable.swift in Sources */,
				4A55E04127D846FE00135EFD /* String.swift in Sources */,
				4A55E03F27D844F300135EFD /* URL.swift in Sources */,
			);
			runOnlyForDeploymentPostprocessing = 0;
		};
		4A55DF5127D77EDA00135EFD /* Sources */ = {
			isa = PBXSourcesBuildPhase;
			buildActionMask = 2147483647;
			files = (
				4A55DF5D27D77EDA00135EFD /* DeeplinkableTests.swift in Sources */,
			);
			runOnlyForDeploymentPostprocessing = 0;
		};
/* End PBXSourcesBuildPhase section */

/* Begin PBXTargetDependency section */
		4A55DEEF27D6D86600135EFD /* PBXTargetDependency */ = {
			isa = PBXTargetDependency;
			target = 4A55DEDA27D6D86500135EFD /* ModuleA */;
			targetProxy = 4A55DEEE27D6D86600135EFD /* PBXContainerItemProxy */;
		};
		4A55DF1527D6DD1000135EFD /* PBXTargetDependency */ = {
			isa = PBXTargetDependency;
			target = 4A55DF0027D6DD1000135EFD /* ModuleB */;
			targetProxy = 4A55DF1427D6DD1000135EFD /* PBXContainerItemProxy */;
		};
		4A55DF2927D6DD2E00135EFD /* PBXTargetDependency */ = {
			isa = PBXTargetDependency;
			target = 4A55DF2227D6DD2E00135EFD /* ModuleC */;
			targetProxy = 4A55DF2827D6DD2E00135EFD /* PBXContainerItemProxy */;
		};
		4A55DF4027D6DD9600135EFD /* PBXTargetDependency */ = {
			isa = PBXTargetDependency;
			target = 4A55DF3927D6DD9500135EFD /* Utils */;
			targetProxy = 4A55DF3F27D6DD9600135EFD /* PBXContainerItemProxy */;
		};
		4A55DF5827D77EDA00135EFD /* PBXTargetDependency */ = {
			isa = PBXTargetDependency;
			target = 4A55DF4C27D77ED900135EFD /* Deeplinkable */;
			targetProxy = 4A55DF5727D77EDA00135EFD /* PBXContainerItemProxy */;
		};
		4A55DF5A27D77EDA00135EFD /* PBXTargetDependency */ = {
			isa = PBXTargetDependency;
			target = 4A55DEBE27D6D78100135EFD /* DeplinkableSample */;
			targetProxy = 4A55DF5927D77EDA00135EFD /* PBXContainerItemProxy */;
		};
		4A55DF6127D77EDA00135EFD /* PBXTargetDependency */ = {
			isa = PBXTargetDependency;
			target = 4A55DF4C27D77ED900135EFD /* Deeplinkable */;
			targetProxy = 4A55DF6027D77EDA00135EFD /* PBXContainerItemProxy */;
		};
		4A8BB59527D9770D00043099 /* PBXTargetDependency */ = {
			isa = PBXTargetDependency;
			target = 4A55DF4C27D77ED900135EFD /* Deeplinkable */;
			targetProxy = 4A8BB59427D9770D00043099 /* PBXContainerItemProxy */;
		};
		4A8BB59927D9770D00043099 /* PBXTargetDependency */ = {
			isa = PBXTargetDependency;
			target = 4A55DF3927D6DD9500135EFD /* Utils */;
			targetProxy = 4A8BB59827D9770D00043099 /* PBXContainerItemProxy */;
		};
		4A8BB59E27D9771300043099 /* PBXTargetDependency */ = {
			isa = PBXTargetDependency;
			target = 4A55DF4C27D77ED900135EFD /* Deeplinkable */;
			targetProxy = 4A8BB59D27D9771300043099 /* PBXContainerItemProxy */;
		};
		4A8BB5A227D9771300043099 /* PBXTargetDependency */ = {
			isa = PBXTargetDependency;
			target = 4A55DF3927D6DD9500135EFD /* Utils */;
			targetProxy = 4A8BB5A127D9771300043099 /* PBXContainerItemProxy */;
		};
		4A8BB5A727D9771C00043099 /* PBXTargetDependency */ = {
			isa = PBXTargetDependency;
			target = 4A55DF4C27D77ED900135EFD /* Deeplinkable */;
			targetProxy = 4A8BB5A627D9771C00043099 /* PBXContainerItemProxy */;
		};
		4A8BB5AB27D9771C00043099 /* PBXTargetDependency */ = {
			isa = PBXTargetDependency;
			target = 4A55DF3927D6DD9500135EFD /* Utils */;
			targetProxy = 4A8BB5AA27D9771C00043099 /* PBXContainerItemProxy */;
		};
/* End PBXTargetDependency section */

/* Begin PBXVariantGroup section */
		4A55DECD27D6D78200135EFD /* LaunchScreen.storyboard */ = {
			isa = PBXVariantGroup;
			children = (
				4A55DECE27D6D78200135EFD /* Base */,
			);
			name = LaunchScreen.storyboard;
			sourceTree = "<group>";
		};
/* End PBXVariantGroup section */

/* Begin XCBuildConfiguration section */
		4A55DED127D6D78200135EFD /* Debug */ = {
			isa = XCBuildConfiguration;
			buildSettings = {
				ALWAYS_SEARCH_USER_PATHS = NO;
				CLANG_ANALYZER_NONNULL = YES;
				CLANG_ANALYZER_NUMBER_OBJECT_CONVERSION = YES_AGGRESSIVE;
				CLANG_CXX_LANGUAGE_STANDARD = "gnu++14";
				CLANG_CXX_LIBRARY = "libc++";
				CLANG_ENABLE_MODULES = YES;
				CLANG_ENABLE_OBJC_ARC = YES;
				CLANG_ENABLE_OBJC_WEAK = YES;
				CLANG_WARN_BLOCK_CAPTURE_AUTORELEASING = YES;
				CLANG_WARN_BOOL_CONVERSION = YES;
				CLANG_WARN_COMMA = YES;
				CLANG_WARN_CONSTANT_CONVERSION = YES;
				CLANG_WARN_DEPRECATED_OBJC_IMPLEMENTATIONS = YES;
				CLANG_WARN_DIRECT_OBJC_ISA_USAGE = YES_ERROR;
				CLANG_WARN_DOCUMENTATION_COMMENTS = YES;
				CLANG_WARN_EMPTY_BODY = YES;
				CLANG_WARN_ENUM_CONVERSION = YES;
				CLANG_WARN_INFINITE_RECURSION = YES;
				CLANG_WARN_INT_CONVERSION = YES;
				CLANG_WARN_NON_LITERAL_NULL_CONVERSION = YES;
				CLANG_WARN_OBJC_IMPLICIT_RETAIN_SELF = YES;
				CLANG_WARN_OBJC_LITERAL_CONVERSION = YES;
				CLANG_WARN_OBJC_ROOT_CLASS = YES_ERROR;
				CLANG_WARN_QUOTED_INCLUDE_IN_FRAMEWORK_HEADER = YES;
				CLANG_WARN_RANGE_LOOP_ANALYSIS = YES;
				CLANG_WARN_STRICT_PROTOTYPES = YES;
				CLANG_WARN_SUSPICIOUS_MOVE = YES;
				CLANG_WARN_UNGUARDED_AVAILABILITY = YES_AGGRESSIVE;
				CLANG_WARN_UNREACHABLE_CODE = YES;
				CLANG_WARN__DUPLICATE_METHOD_MATCH = YES;
				COPY_PHASE_STRIP = NO;
				DEBUG_INFORMATION_FORMAT = dwarf;
				ENABLE_STRICT_OBJC_MSGSEND = YES;
				ENABLE_TESTABILITY = YES;
				GCC_C_LANGUAGE_STANDARD = gnu11;
				GCC_DYNAMIC_NO_PIC = NO;
				GCC_NO_COMMON_BLOCKS = YES;
				GCC_OPTIMIZATION_LEVEL = 0;
				GCC_PREPROCESSOR_DEFINITIONS = (
					"DEBUG=1",
					"$(inherited)",
				);
				GCC_WARN_64_TO_32_BIT_CONVERSION = YES;
				GCC_WARN_ABOUT_RETURN_TYPE = YES_ERROR;
				GCC_WARN_UNDECLARED_SELECTOR = YES;
				GCC_WARN_UNINITIALIZED_AUTOS = YES_AGGRESSIVE;
				GCC_WARN_UNUSED_FUNCTION = YES;
				GCC_WARN_UNUSED_VARIABLE = YES;
				IPHONEOS_DEPLOYMENT_TARGET = 14.5;
				MTL_ENABLE_DEBUG_INFO = INCLUDE_SOURCE;
				MTL_FAST_MATH = YES;
				ONLY_ACTIVE_ARCH = YES;
				SDKROOT = iphoneos;
				SWIFT_ACTIVE_COMPILATION_CONDITIONS = DEBUG;
				SWIFT_OPTIMIZATION_LEVEL = "-Onone";
			};
			name = Debug;
		};
		4A55DED227D6D78200135EFD /* Release */ = {
			isa = XCBuildConfiguration;
			buildSettings = {
				ALWAYS_SEARCH_USER_PATHS = NO;
				CLANG_ANALYZER_NONNULL = YES;
				CLANG_ANALYZER_NUMBER_OBJECT_CONVERSION = YES_AGGRESSIVE;
				CLANG_CXX_LANGUAGE_STANDARD = "gnu++14";
				CLANG_CXX_LIBRARY = "libc++";
				CLANG_ENABLE_MODULES = YES;
				CLANG_ENABLE_OBJC_ARC = YES;
				CLANG_ENABLE_OBJC_WEAK = YES;
				CLANG_WARN_BLOCK_CAPTURE_AUTORELEASING = YES;
				CLANG_WARN_BOOL_CONVERSION = YES;
				CLANG_WARN_COMMA = YES;
				CLANG_WARN_CONSTANT_CONVERSION = YES;
				CLANG_WARN_DEPRECATED_OBJC_IMPLEMENTATIONS = YES;
				CLANG_WARN_DIRECT_OBJC_ISA_USAGE = YES_ERROR;
				CLANG_WARN_DOCUMENTATION_COMMENTS = YES;
				CLANG_WARN_EMPTY_BODY = YES;
				CLANG_WARN_ENUM_CONVERSION = YES;
				CLANG_WARN_INFINITE_RECURSION = YES;
				CLANG_WARN_INT_CONVERSION = YES;
				CLANG_WARN_NON_LITERAL_NULL_CONVERSION = YES;
				CLANG_WARN_OBJC_IMPLICIT_RETAIN_SELF = YES;
				CLANG_WARN_OBJC_LITERAL_CONVERSION = YES;
				CLANG_WARN_OBJC_ROOT_CLASS = YES_ERROR;
				CLANG_WARN_QUOTED_INCLUDE_IN_FRAMEWORK_HEADER = YES;
				CLANG_WARN_RANGE_LOOP_ANALYSIS = YES;
				CLANG_WARN_STRICT_PROTOTYPES = YES;
				CLANG_WARN_SUSPICIOUS_MOVE = YES;
				CLANG_WARN_UNGUARDED_AVAILABILITY = YES_AGGRESSIVE;
				CLANG_WARN_UNREACHABLE_CODE = YES;
				CLANG_WARN__DUPLICATE_METHOD_MATCH = YES;
				COPY_PHASE_STRIP = NO;
				DEBUG_INFORMATION_FORMAT = "dwarf-with-dsym";
				ENABLE_NS_ASSERTIONS = NO;
				ENABLE_STRICT_OBJC_MSGSEND = YES;
				GCC_C_LANGUAGE_STANDARD = gnu11;
				GCC_NO_COMMON_BLOCKS = YES;
				GCC_WARN_64_TO_32_BIT_CONVERSION = YES;
				GCC_WARN_ABOUT_RETURN_TYPE = YES_ERROR;
				GCC_WARN_UNDECLARED_SELECTOR = YES;
				GCC_WARN_UNINITIALIZED_AUTOS = YES_AGGRESSIVE;
				GCC_WARN_UNUSED_FUNCTION = YES;
				GCC_WARN_UNUSED_VARIABLE = YES;
				IPHONEOS_DEPLOYMENT_TARGET = 14.5;
				MTL_ENABLE_DEBUG_INFO = NO;
				MTL_FAST_MATH = YES;
				SDKROOT = iphoneos;
				SWIFT_COMPILATION_MODE = wholemodule;
				SWIFT_OPTIMIZATION_LEVEL = "-O";
				VALIDATE_PRODUCT = YES;
			};
			name = Release;
		};
		4A55DED427D6D78200135EFD /* Debug */ = {
			isa = XCBuildConfiguration;
			buildSettings = {
				ALWAYS_EMBED_SWIFT_STANDARD_LIBRARIES = YES;
				ASSETCATALOG_COMPILER_APPICON_NAME = AppIcon;
				ASSETCATALOG_COMPILER_GLOBAL_ACCENT_COLOR_NAME = AccentColor;
				CODE_SIGN_STYLE = Automatic;
				INFOPLIST_FILE = DeplinkableSample/Info.plist;
				LD_RUNPATH_SEARCH_PATHS = (
					"$(inherited)",
					"@executable_path/Frameworks",
				);
				PRODUCT_BUNDLE_IDENTIFIER = com.allan.DeplinkableSample;
				PRODUCT_NAME = "$(TARGET_NAME)";
				SWIFT_VERSION = 5.0;
				TARGETED_DEVICE_FAMILY = "1,2";
			};
			name = Debug;
		};
		4A55DED527D6D78200135EFD /* Release */ = {
			isa = XCBuildConfiguration;
			buildSettings = {
				ALWAYS_EMBED_SWIFT_STANDARD_LIBRARIES = YES;
				ASSETCATALOG_COMPILER_APPICON_NAME = AppIcon;
				ASSETCATALOG_COMPILER_GLOBAL_ACCENT_COLOR_NAME = AccentColor;
				CODE_SIGN_STYLE = Automatic;
				INFOPLIST_FILE = DeplinkableSample/Info.plist;
				LD_RUNPATH_SEARCH_PATHS = (
					"$(inherited)",
					"@executable_path/Frameworks",
				);
				PRODUCT_BUNDLE_IDENTIFIER = com.allan.DeplinkableSample;
				PRODUCT_NAME = "$(TARGET_NAME)";
				SWIFT_VERSION = 5.0;
				TARGETED_DEVICE_FAMILY = "1,2";
			};
			name = Release;
		};
		4A55DEF327D6D86600135EFD /* Debug */ = {
			isa = XCBuildConfiguration;
			buildSettings = {
				CLANG_ENABLE_MODULES = YES;
				CODE_SIGN_STYLE = Automatic;
				CURRENT_PROJECT_VERSION = 1;
				DEFINES_MODULE = YES;
				DYLIB_COMPATIBILITY_VERSION = 1;
				DYLIB_CURRENT_VERSION = 1;
				DYLIB_INSTALL_NAME_BASE = "@rpath";
				INFOPLIST_FILE = ModuleA/Info.plist;
				INSTALL_PATH = "$(LOCAL_LIBRARY_DIR)/Frameworks";
				LD_RUNPATH_SEARCH_PATHS = (
					"$(inherited)",
					"@executable_path/Frameworks",
					"@loader_path/Frameworks",
				);
				PRODUCT_BUNDLE_IDENTIFIER = com.allan.ModuleA;
				PRODUCT_NAME = "$(TARGET_NAME:c99extidentifier)";
				SKIP_INSTALL = YES;
				SWIFT_OPTIMIZATION_LEVEL = "-Onone";
				SWIFT_VERSION = 5.0;
				TARGETED_DEVICE_FAMILY = "1,2";
				VERSIONING_SYSTEM = "apple-generic";
				VERSION_INFO_PREFIX = "";
			};
			name = Debug;
		};
		4A55DEF427D6D86600135EFD /* Release */ = {
			isa = XCBuildConfiguration;
			buildSettings = {
				CLANG_ENABLE_MODULES = YES;
				CODE_SIGN_STYLE = Automatic;
				CURRENT_PROJECT_VERSION = 1;
				DEFINES_MODULE = YES;
				DYLIB_COMPATIBILITY_VERSION = 1;
				DYLIB_CURRENT_VERSION = 1;
				DYLIB_INSTALL_NAME_BASE = "@rpath";
				INFOPLIST_FILE = ModuleA/Info.plist;
				INSTALL_PATH = "$(LOCAL_LIBRARY_DIR)/Frameworks";
				LD_RUNPATH_SEARCH_PATHS = (
					"$(inherited)",
					"@executable_path/Frameworks",
					"@loader_path/Frameworks",
				);
				PRODUCT_BUNDLE_IDENTIFIER = com.allan.ModuleA;
				PRODUCT_NAME = "$(TARGET_NAME:c99extidentifier)";
				SKIP_INSTALL = YES;
				SWIFT_VERSION = 5.0;
				TARGETED_DEVICE_FAMILY = "1,2";
				VERSIONING_SYSTEM = "apple-generic";
				VERSION_INFO_PREFIX = "";
			};
			name = Release;
		};
		4A55DF1927D6DD1000135EFD /* Debug */ = {
			isa = XCBuildConfiguration;
			buildSettings = {
				CLANG_ENABLE_MODULES = YES;
				CODE_SIGN_STYLE = Automatic;
				CURRENT_PROJECT_VERSION = 1;
				DEFINES_MODULE = YES;
				DYLIB_COMPATIBILITY_VERSION = 1;
				DYLIB_CURRENT_VERSION = 1;
				DYLIB_INSTALL_NAME_BASE = "@rpath";
				INFOPLIST_FILE = ModuleB/Info.plist;
				INSTALL_PATH = "$(LOCAL_LIBRARY_DIR)/Frameworks";
				LD_RUNPATH_SEARCH_PATHS = (
					"$(inherited)",
					"@executable_path/Frameworks",
					"@loader_path/Frameworks",
				);
				PRODUCT_BUNDLE_IDENTIFIER = com.allan.ModuleB;
				PRODUCT_NAME = "$(TARGET_NAME:c99extidentifier)";
				SKIP_INSTALL = YES;
				SWIFT_OPTIMIZATION_LEVEL = "-Onone";
				SWIFT_VERSION = 5.0;
				TARGETED_DEVICE_FAMILY = "1,2";
				VERSIONING_SYSTEM = "apple-generic";
				VERSION_INFO_PREFIX = "";
			};
			name = Debug;
		};
		4A55DF1A27D6DD1000135EFD /* Release */ = {
			isa = XCBuildConfiguration;
			buildSettings = {
				CLANG_ENABLE_MODULES = YES;
				CODE_SIGN_STYLE = Automatic;
				CURRENT_PROJECT_VERSION = 1;
				DEFINES_MODULE = YES;
				DYLIB_COMPATIBILITY_VERSION = 1;
				DYLIB_CURRENT_VERSION = 1;
				DYLIB_INSTALL_NAME_BASE = "@rpath";
				INFOPLIST_FILE = ModuleB/Info.plist;
				INSTALL_PATH = "$(LOCAL_LIBRARY_DIR)/Frameworks";
				LD_RUNPATH_SEARCH_PATHS = (
					"$(inherited)",
					"@executable_path/Frameworks",
					"@loader_path/Frameworks",
				);
				PRODUCT_BUNDLE_IDENTIFIER = com.allan.ModuleB;
				PRODUCT_NAME = "$(TARGET_NAME:c99extidentifier)";
				SKIP_INSTALL = YES;
				SWIFT_VERSION = 5.0;
				TARGETED_DEVICE_FAMILY = "1,2";
				VERSIONING_SYSTEM = "apple-generic";
				VERSION_INFO_PREFIX = "";
			};
			name = Release;
		};
		4A55DF2D27D6DD2E00135EFD /* Debug */ = {
			isa = XCBuildConfiguration;
			buildSettings = {
				CLANG_ENABLE_MODULES = YES;
				CODE_SIGN_STYLE = Automatic;
				CURRENT_PROJECT_VERSION = 1;
				DEFINES_MODULE = YES;
				DYLIB_COMPATIBILITY_VERSION = 1;
				DYLIB_CURRENT_VERSION = 1;
				DYLIB_INSTALL_NAME_BASE = "@rpath";
				INFOPLIST_FILE = ModuleC/Info.plist;
				INSTALL_PATH = "$(LOCAL_LIBRARY_DIR)/Frameworks";
				LD_RUNPATH_SEARCH_PATHS = (
					"$(inherited)",
					"@executable_path/Frameworks",
					"@loader_path/Frameworks",
				);
				PRODUCT_BUNDLE_IDENTIFIER = com.allan.ModuleC;
				PRODUCT_NAME = "$(TARGET_NAME:c99extidentifier)";
				SKIP_INSTALL = YES;
				SWIFT_OPTIMIZATION_LEVEL = "-Onone";
				SWIFT_VERSION = 5.0;
				TARGETED_DEVICE_FAMILY = "1,2";
				VERSIONING_SYSTEM = "apple-generic";
				VERSION_INFO_PREFIX = "";
			};
			name = Debug;
		};
		4A55DF2E27D6DD2E00135EFD /* Release */ = {
			isa = XCBuildConfiguration;
			buildSettings = {
				CLANG_ENABLE_MODULES = YES;
				CODE_SIGN_STYLE = Automatic;
				CURRENT_PROJECT_VERSION = 1;
				DEFINES_MODULE = YES;
				DYLIB_COMPATIBILITY_VERSION = 1;
				DYLIB_CURRENT_VERSION = 1;
				DYLIB_INSTALL_NAME_BASE = "@rpath";
				INFOPLIST_FILE = ModuleC/Info.plist;
				INSTALL_PATH = "$(LOCAL_LIBRARY_DIR)/Frameworks";
				LD_RUNPATH_SEARCH_PATHS = (
					"$(inherited)",
					"@executable_path/Frameworks",
					"@loader_path/Frameworks",
				);
				PRODUCT_BUNDLE_IDENTIFIER = com.allan.ModuleC;
				PRODUCT_NAME = "$(TARGET_NAME:c99extidentifier)";
				SKIP_INSTALL = YES;
				SWIFT_VERSION = 5.0;
				TARGETED_DEVICE_FAMILY = "1,2";
				VERSIONING_SYSTEM = "apple-generic";
				VERSION_INFO_PREFIX = "";
			};
			name = Release;
		};
		4A55DF4427D6DD9600135EFD /* Debug */ = {
			isa = XCBuildConfiguration;
			buildSettings = {
				CLANG_ENABLE_MODULES = YES;
				CODE_SIGN_STYLE = Automatic;
				CURRENT_PROJECT_VERSION = 1;
				DEFINES_MODULE = YES;
				DYLIB_COMPATIBILITY_VERSION = 1;
				DYLIB_CURRENT_VERSION = 1;
				DYLIB_INSTALL_NAME_BASE = "@rpath";
				INFOPLIST_FILE = Utils/Info.plist;
				INSTALL_PATH = "$(LOCAL_LIBRARY_DIR)/Frameworks";
				LD_RUNPATH_SEARCH_PATHS = (
					"$(inherited)",
					"@executable_path/Frameworks",
					"@loader_path/Frameworks",
				);
				PRODUCT_BUNDLE_IDENTIFIER = com.allan.Utils;
				PRODUCT_NAME = "$(TARGET_NAME:c99extidentifier)";
				SKIP_INSTALL = YES;
				SWIFT_OPTIMIZATION_LEVEL = "-Onone";
				SWIFT_VERSION = 5.0;
				TARGETED_DEVICE_FAMILY = "1,2";
				VERSIONING_SYSTEM = "apple-generic";
				VERSION_INFO_PREFIX = "";
			};
			name = Debug;
		};
		4A55DF4527D6DD9600135EFD /* Release */ = {
			isa = XCBuildConfiguration;
			buildSettings = {
				CLANG_ENABLE_MODULES = YES;
				CODE_SIGN_STYLE = Automatic;
				CURRENT_PROJECT_VERSION = 1;
				DEFINES_MODULE = YES;
				DYLIB_COMPATIBILITY_VERSION = 1;
				DYLIB_CURRENT_VERSION = 1;
				DYLIB_INSTALL_NAME_BASE = "@rpath";
				INFOPLIST_FILE = Utils/Info.plist;
				INSTALL_PATH = "$(LOCAL_LIBRARY_DIR)/Frameworks";
				LD_RUNPATH_SEARCH_PATHS = (
					"$(inherited)",
					"@executable_path/Frameworks",
					"@loader_path/Frameworks",
				);
				PRODUCT_BUNDLE_IDENTIFIER = com.allan.Utils;
				PRODUCT_NAME = "$(TARGET_NAME:c99extidentifier)";
				SKIP_INSTALL = YES;
				SWIFT_VERSION = 5.0;
				TARGETED_DEVICE_FAMILY = "1,2";
				VERSIONING_SYSTEM = "apple-generic";
				VERSION_INFO_PREFIX = "";
			};
			name = Release;
		};
		4A55DF6527D77EDA00135EFD /* Debug */ = {
			isa = XCBuildConfiguration;
			buildSettings = {
				CLANG_ENABLE_MODULES = YES;
				CODE_SIGN_STYLE = Automatic;
				CURRENT_PROJECT_VERSION = 1;
				DEFINES_MODULE = YES;
				DYLIB_COMPATIBILITY_VERSION = 1;
				DYLIB_CURRENT_VERSION = 1;
				DYLIB_INSTALL_NAME_BASE = "@rpath";
				INFOPLIST_FILE = Deeplinkable/Info.plist;
				INSTALL_PATH = "$(LOCAL_LIBRARY_DIR)/Frameworks";
				LD_RUNPATH_SEARCH_PATHS = (
					"$(inherited)",
					"@executable_path/Frameworks",
					"@loader_path/Frameworks",
				);
				PRODUCT_BUNDLE_IDENTIFIER = com.allan.Deeplinkable;
				PRODUCT_NAME = "$(TARGET_NAME:c99extidentifier)";
				SKIP_INSTALL = YES;
				SWIFT_OPTIMIZATION_LEVEL = "-Onone";
				SWIFT_VERSION = 5.0;
				TARGETED_DEVICE_FAMILY = "1,2";
				VERSIONING_SYSTEM = "apple-generic";
				VERSION_INFO_PREFIX = "";
			};
			name = Debug;
		};
		4A55DF6627D77EDA00135EFD /* Release */ = {
			isa = XCBuildConfiguration;
			buildSettings = {
				CLANG_ENABLE_MODULES = YES;
				CODE_SIGN_STYLE = Automatic;
				CURRENT_PROJECT_VERSION = 1;
				DEFINES_MODULE = YES;
				DYLIB_COMPATIBILITY_VERSION = 1;
				DYLIB_CURRENT_VERSION = 1;
				DYLIB_INSTALL_NAME_BASE = "@rpath";
				INFOPLIST_FILE = Deeplinkable/Info.plist;
				INSTALL_PATH = "$(LOCAL_LIBRARY_DIR)/Frameworks";
				LD_RUNPATH_SEARCH_PATHS = (
					"$(inherited)",
					"@executable_path/Frameworks",
					"@loader_path/Frameworks",
				);
				PRODUCT_BUNDLE_IDENTIFIER = com.allan.Deeplinkable;
				PRODUCT_NAME = "$(TARGET_NAME:c99extidentifier)";
				SKIP_INSTALL = YES;
				SWIFT_VERSION = 5.0;
				TARGETED_DEVICE_FAMILY = "1,2";
				VERSIONING_SYSTEM = "apple-generic";
				VERSION_INFO_PREFIX = "";
			};
			name = Release;
		};
		4A55DF6827D77EDA00135EFD /* Debug */ = {
			isa = XCBuildConfiguration;
			buildSettings = {
				ALWAYS_EMBED_SWIFT_STANDARD_LIBRARIES = YES;
				CODE_SIGN_STYLE = Automatic;
				INFOPLIST_FILE = DeeplinkableTests/Info.plist;
				LD_RUNPATH_SEARCH_PATHS = (
					"$(inherited)",
					"@executable_path/Frameworks",
					"@loader_path/Frameworks",
				);
				PRODUCT_BUNDLE_IDENTIFIER = com.allan.DeeplinkableTests;
				PRODUCT_NAME = "$(TARGET_NAME)";
				SWIFT_VERSION = 5.0;
				TARGETED_DEVICE_FAMILY = "1,2";
				TEST_HOST = "$(BUILT_PRODUCTS_DIR)/DeplinkableSample.app/DeplinkableSample";
			};
			name = Debug;
		};
		4A55DF6927D77EDA00135EFD /* Release */ = {
			isa = XCBuildConfiguration;
			buildSettings = {
				ALWAYS_EMBED_SWIFT_STANDARD_LIBRARIES = YES;
				CODE_SIGN_STYLE = Automatic;
				INFOPLIST_FILE = DeeplinkableTests/Info.plist;
				LD_RUNPATH_SEARCH_PATHS = (
					"$(inherited)",
					"@executable_path/Frameworks",
					"@loader_path/Frameworks",
				);
				PRODUCT_BUNDLE_IDENTIFIER = com.allan.DeeplinkableTests;
				PRODUCT_NAME = "$(TARGET_NAME)";
				SWIFT_VERSION = 5.0;
				TARGETED_DEVICE_FAMILY = "1,2";
				TEST_HOST = "$(BUILT_PRODUCTS_DIR)/DeplinkableSample.app/DeplinkableSample";
			};
			name = Release;
		};
/* End XCBuildConfiguration section */

/* Begin XCConfigurationList section */
		4A55DEBA27D6D78100135EFD /* Build configuration list for PBXProject "DeplinkableSample" */ = {
			isa = XCConfigurationList;
			buildConfigurations = (
				4A55DED127D6D78200135EFD /* Debug */,
				4A55DED227D6D78200135EFD /* Release */,
			);
			defaultConfigurationIsVisible = 0;
			defaultConfigurationName = Release;
		};
		4A55DED327D6D78200135EFD /* Build configuration list for PBXNativeTarget "DeplinkableSample" */ = {
			isa = XCConfigurationList;
			buildConfigurations = (
				4A55DED427D6D78200135EFD /* Debug */,
				4A55DED527D6D78200135EFD /* Release */,
			);
			defaultConfigurationIsVisible = 0;
			defaultConfigurationName = Release;
		};
		4A55DEF227D6D86600135EFD /* Build configuration list for PBXNativeTarget "ModuleA" */ = {
			isa = XCConfigurationList;
			buildConfigurations = (
				4A55DEF327D6D86600135EFD /* Debug */,
				4A55DEF427D6D86600135EFD /* Release */,
			);
			defaultConfigurationIsVisible = 0;
			defaultConfigurationName = Release;
		};
		4A55DF1827D6DD1000135EFD /* Build configuration list for PBXNativeTarget "ModuleB" */ = {
			isa = XCConfigurationList;
			buildConfigurations = (
				4A55DF1927D6DD1000135EFD /* Debug */,
				4A55DF1A27D6DD1000135EFD /* Release */,
			);
			defaultConfigurationIsVisible = 0;
			defaultConfigurationName = Release;
		};
		4A55DF2C27D6DD2E00135EFD /* Build configuration list for PBXNativeTarget "ModuleC" */ = {
			isa = XCConfigurationList;
			buildConfigurations = (
				4A55DF2D27D6DD2E00135EFD /* Debug */,
				4A55DF2E27D6DD2E00135EFD /* Release */,
			);
			defaultConfigurationIsVisible = 0;
			defaultConfigurationName = Release;
		};
		4A55DF4327D6DD9600135EFD /* Build configuration list for PBXNativeTarget "Utils" */ = {
			isa = XCConfigurationList;
			buildConfigurations = (
				4A55DF4427D6DD9600135EFD /* Debug */,
				4A55DF4527D6DD9600135EFD /* Release */,
			);
			defaultConfigurationIsVisible = 0;
			defaultConfigurationName = Release;
		};
		4A55DF6427D77EDA00135EFD /* Build configuration list for PBXNativeTarget "Deeplinkable" */ = {
			isa = XCConfigurationList;
			buildConfigurations = (
				4A55DF6527D77EDA00135EFD /* Debug */,
				4A55DF6627D77EDA00135EFD /* Release */,
			);
			defaultConfigurationIsVisible = 0;
			defaultConfigurationName = Release;
		};
		4A55DF6727D77EDA00135EFD /* Build configuration list for PBXNativeTarget "DeeplinkableTests" */ = {
			isa = XCConfigurationList;
			buildConfigurations = (
				4A55DF6827D77EDA00135EFD /* Debug */,
				4A55DF6927D77EDA00135EFD /* Release */,
			);
			defaultConfigurationIsVisible = 0;
			defaultConfigurationName = Release;
		};
/* End XCConfigurationList section */
	};
	rootObject = 4A55DEB727D6D78100135EFD /* Project object */;
}
